
Microsoft Visual Studio Solution File, Format Version 12.00
# Visual Studio 14
VisualStudioVersion = 14.0.25420.1
MinimumVisualStudioVersion = 10.0.40219.1
Project("{A07B5EB6-E848-4116-A8D0-A826331D98C6}") = "Services", "Services\Services.sfproj", "{CB973984-E5B3-4CD3-83F2-C00BD09A6825}"
EndProject
Project("{FAE04EC0-301F-11D3-BF4B-00C04F79EFBC}") = "YasudaApi", "YasudaApi\YasudaApi.csproj", "{9056A5B1-2462-49BA-AECF-6F67246C0F52}"
EndProject
Project("{FAE04EC0-301F-11D3-BF4B-00C04F79EFBC}") = "YasudaAnalysis", "YasudaAnalysis\YasudaAnalysis.csproj", "{C0FA03CA-8E80-4755-A353-42AFDB95E317}"
EndProject
Global
	GlobalSection(SolutionConfigurationPlatforms) = preSolution
		Debug|x64 = Debug|x64
		Release|x64 = Release|x64
	EndGlobalSection
	GlobalSection(ProjectConfigurationPlatforms) = postSolution
		{CB973984-E5B3-4CD3-83F2-C00BD09A6825}.Debug|x64.ActiveCfg = Debug|x64
		{CB973984-E5B3-4CD3-83F2-C00BD09A6825}.Debug|x64.Build.0 = Debug|x64
		{CB973984-E5B3-4CD3-83F2-C00BD09A6825}.Debug|x64.Deploy.0 = Debug|x64
		{CB973984-E5B3-4CD3-83F2-C00BD09A6825}.Release|x64.ActiveCfg = Release|x64
		{CB973984-E5B3-4CD3-83F2-C00BD09A6825}.Release|x64.Build.0 = Release|x64
		{CB973984-E5B3-4CD3-83F2-C00BD09A6825}.Release|x64.Deploy.0 = Release|x64
		{9056A5B1-2462-49BA-AECF-6F67246C0F52}.Debug|x64.ActiveCfg = Debug|x64
		{9056A5B1-2462-49BA-AECF-6F67246C0F52}.Debug|x64.Build.0 = Debug|x64
		{9056A5B1-2462-49BA-AECF-6F67246C0F52}.Release|x64.ActiveCfg = Release|x64
		{9056A5B1-2462-49BA-AECF-6F67246C0F52}.Release|x64.Build.0 = Release|x64
		{C0FA03CA-8E80-4755-A353-42AFDB95E317}.Debug|x64.ActiveCfg = Debug|x64
		{C0FA03CA-8E80-4755-A353-42AFDB95E317}.Debug|x64.Build.0 = Debug|x64
		{C0FA03CA-8E80-4755-A353-42AFDB95E317}.Release|x64.ActiveCfg = Release|x64
		{C0FA03CA-8E80-4755-A353-42AFDB95E317}.Release|x64.Build.0 = Release|x64
	EndGlobalSection
	GlobalSection(SolutionProperties) = preSolution
		HideSolutionNode = FALSE
	EndGlobalSection
EndGlobal
